# This file is automatically @generated by Cargo.
# It is not intended for manual editing.
version = 4

[[package]]
name = "hn-cli"
version = "0.1.0"
dependencies = [
 "hn-node",
 "hn-rpc",
]

[[package]]
name = "hn-consensus"
version = "0.1.0"
dependencies = [
 "hn-core",
 "hn-crypto",
 "hn-state",
]

[[package]]
name = "hn-core"
version = "0.1.0"

[[package]]
name = "hn-crypto"
version = "0.1.0"
dependencies = [
 "hn-core",
]

[[package]]
name = "hn-hncs"
version = "0.1.0"
dependencies = [
 "hn-core",
]

[[package]]
name = "hn-network"
version = "0.1.0"
dependencies = [
 "hn-core",
 "hn-crypto",
]

[[package]]
name = "hn-node"
version = "0.1.0"
dependencies = [
 "hn-consensus",
 "hn-core",
 "hn-network",
 "hn-storage",
]

[[package]]
name = "hn-rpc"
version = "0.1.0"
dependencies = [
 "hn-core",
 "hn-node",
]

[[package]]
name = "hn-state"
version = "0.1.0"
dependencies = [
 "hn-core",
 "hn-crypto",
 "hn-hncs",
]

[[package]]
name = "hn-storage"
version = "0.1.0"
dependencies = [
 "hn-core",
 "hn-state",
]
